# This file is automatically @generated by Cargo.
version = 4

[[package]]
name = "pixilock-cli"
version = "12.6.3"
dependencies = [
 "pixilock-core",
]

[[package]]
name = "pixilock-core"
version = "12.6.3"
dependencies = [
 "pixilock-graph",
]

[[package]]
name = "pixilock-graph"
version = "12.6.3"

[[package]]
name = "pixilock-index"
version = "12.6.3"

